
Microsoft Visual Studio Solution File, Format Version 12.00
# Visual Studio Version 17
VisualStudioVersion = 17.4.33205.214
MinimumVisualStudioVersion = 10.0.40219.1
Project("{FAE04EC0-301F-11D3-BF4B-00C04F79EFBC}") = "Server", "Server\Server.csproj", "{9458EE33-875B-40A8-99EF-4D5D6F3473D6}"
EndProject
Global
	GlobalSection(SolutionConfigurationPlatforms) = preSolution
		Debug|Any CPU = Debug|Any CPU
		Release|Any CPU = Release|Any CPU
	EndGlobalSection
	GlobalSection(ProjectConfigurationPlatforms) = postSolution
		{9458EE33-875B-40A8-99EF-4D5D6F3473D6}.Debug|Any CPU.ActiveCfg = Debug|Any CPU
		{9458EE33-875B-40A8-99EF-4D5D6F3473D6}.Debug|Any CPU.Build.0 = Debug|Any CPU
		{9458EE33-875B-40A8-99EF-4D5D6F3473D6}.Release|Any CPU.ActiveCfg = Release|Any CPU
		{9458EE33-875B-40A8-99EF-4D5D6F3473D6}.Release|Any CPU.Build.0 = Release|Any CPU
	EndGlobalSection
	GlobalSection(SolutionProperties) = preSolution
		HideSolutionNode = FALSE
	EndGlobalSection
	GlobalSection(ExtensibilityGlobals) = postSolution
		SolutionGuid = {97E86494-6C7E-4480-9E4C-41969C14B6A7}
	EndGlobalSection
EndGlobal
